dependencies:
- name: frontend-app
  repository: file://../../frontend/deploy/frontend-app
  version: 0.1.0
- name: qlkube
  repository: file://../../qlkube/deploy/qlkube
  version: 0.1.0
- name: operator
  repository: file://../../operators/deploy/operator
  version: 0.1.1
- name: crownmail
  repository: file://../../operators/deploy/crownmail
  version: 0.1.0
- name: instance-operator
  repository: file://../../operators/deploy/instance-operator
  version: 0.1.2
- name: bastion-operator
  repository: file://../../operators/deploy/bastion-operator
  version: 0.1.1
- name: image-list
  repository: file://../../operators/deploy/image-list
  version: 0.1.0
- name: exam-agent
  repository: file://../../operators/deploy/exam-agent
  version: 0.1.0
- name: instmetrics
  repository: file://../../operators/deploy/instmetrics
  version: 0.1.0
- name: policies
  repository: file://../../policies
  version: 0.1.0
digest: sha256:75487f599fce689665361a10184caa0d380d94ed867554e3c2414caf76f3f86b
generated: "2026-01-13T23:04:40.563359171Z"
