dependencies:
- name: frontend-app
  repository: file://../../frontend/deploy/frontend-app
  version: 0.1.0
- name: qlkube
  repository: file://../../qlkube/deploy/qlkube
  version: 0.1.0
- name: operator
  repository: file://../../operators/deploy/operator
  version: 0.1.1
- name: crownmail
  repository: file://../../operators/deploy/crownmail
  version: 0.1.0
- name: instance-operator
  repository: file://../../operators/deploy/instance-operator
  version: 0.1.2
- name: bastion-operator
  repository: file://../../operators/deploy/bastion-operator
  version: 0.1.1
- name: exam-agent
  repository: file://../../operators/deploy/exam-agent
  version: 0.1.0
- name: instmetrics
  repository: file://../../operators/deploy/instmetrics
  version: 0.1.0
- name: policies
  repository: file://../../policies
  version: 0.1.0
digest: sha256:85bcb12ff6f20412bcf18f26b272c2cc52894aab70630c24d04352cb07b077a6
generated: "2026-04-29T17:03:31.490553+02:00"
