dependencies:
- name: dashboard
  repository: file://../../dashboard/deploy/dashboard
  version: 0.1.0
- name: instance-operator
  repository: file://../../operators/deploy/instance-operator
  version: 0.1.0
- name: tenant-operator
  repository: file://../../operators/deploy/tenant-operator
  version: 0.1.0
digest: sha256:683be07434ee65109ebd4a83cce8c568946be12fea3a16312f9defbe61d408d2
generated: "2021-01-05T18:08:17.88727354+01:00"
